
Microsoft Visual Studio Solution File, Format Version 12.00
# Visual Studio Version 16
VisualStudioVersion = 16.0.31025.194
MinimumVisualStudioVersion = 10.0.40219.1
Project("{9A19103F-16F7-4668-BE54-9A1E7A4F7556}") = "IsciTakipSistemi", "IsciTakipSistemi\IsciTakipSistemi.csproj", "{55DE5558-5CE8-401B-85A2-09DF36287B0E}"
EndProject
Project("{9A19103F-16F7-4668-BE54-9A1E7A4F7556}") = "ITS.DATA", "ITS.DATA\ITS.DATA.csproj", "{E5C0794D-E04B-4C62-940B-87055C1740D6}"
EndProject
Project("{9A19103F-16F7-4668-BE54-9A1E7A4F7556}") = "ITS.CORE", "ITS.CORE\ITS.CORE.csproj", "{D2558197-5A17-429B-AC1E-A7A57FFB2158}"
EndProject
Project("{9A19103F-16F7-4668-BE54-9A1E7A4F7556}") = "ITS.SERVİCE", "ITS.SERVİCE\ITS.SERVİCE.csproj", "{A41A8189-5438-46F3-9255-9A35FF0DBDBE}"
EndProject
Project("{FAE04EC0-301F-11D3-BF4B-00C04F79EFBC}") = "ITS.Shared", "Shared\ITS.Shared.csproj", "{BC5253B8-3F7D-4798-8193-569FAB0C9D2A}"
EndProject
Global
	GlobalSection(SolutionConfigurationPlatforms) = preSolution
		Debug|Any CPU = Debug|Any CPU
		Release|Any CPU = Release|Any CPU
	EndGlobalSection
	GlobalSection(ProjectConfigurationPlatforms) = postSolution
		{55DE5558-5CE8-401B-85A2-09DF36287B0E}.Debug|Any CPU.ActiveCfg = Debug|Any CPU
		{55DE5558-5CE8-401B-85A2-09DF36287B0E}.Debug|Any CPU.Build.0 = Debug|Any CPU
		{55DE5558-5CE8-401B-85A2-09DF36287B0E}.Release|Any CPU.ActiveCfg = Release|Any CPU
		{55DE5558-5CE8-401B-85A2-09DF36287B0E}.Release|Any CPU.Build.0 = Release|Any CPU
		{E5C0794D-E04B-4C62-940B-87055C1740D6}.Debug|Any CPU.ActiveCfg = Debug|Any CPU
		{E5C0794D-E04B-4C62-940B-87055C1740D6}.Debug|Any CPU.Build.0 = Debug|Any CPU
		{E5C0794D-E04B-4C62-940B-87055C1740D6}.Release|Any CPU.ActiveCfg = Release|Any CPU
		{E5C0794D-E04B-4C62-940B-87055C1740D6}.Release|Any CPU.Build.0 = Release|Any CPU
		{D2558197-5A17-429B-AC1E-A7A57FFB2158}.Debug|Any CPU.ActiveCfg = Debug|Any CPU
		{D2558197-5A17-429B-AC1E-A7A57FFB2158}.Debug|Any CPU.Build.0 = Debug|Any CPU
		{D2558197-5A17-429B-AC1E-A7A57FFB2158}.Release|Any CPU.ActiveCfg = Release|Any CPU
		{D2558197-5A17-429B-AC1E-A7A57FFB2158}.Release|Any CPU.Build.0 = Release|Any CPU
		{A41A8189-5438-46F3-9255-9A35FF0DBDBE}.Debug|Any CPU.ActiveCfg = Debug|Any CPU
		{A41A8189-5438-46F3-9255-9A35FF0DBDBE}.Debug|Any CPU.Build.0 = Debug|Any CPU
		{A41A8189-5438-46F3-9255-9A35FF0DBDBE}.Release|Any CPU.ActiveCfg = Release|Any CPU
		{A41A8189-5438-46F3-9255-9A35FF0DBDBE}.Release|Any CPU.Build.0 = Release|Any CPU
		{BC5253B8-3F7D-4798-8193-569FAB0C9D2A}.Debug|Any CPU.ActiveCfg = Debug|Any CPU
		{BC5253B8-3F7D-4798-8193-569FAB0C9D2A}.Debug|Any CPU.Build.0 = Debug|Any CPU
		{BC5253B8-3F7D-4798-8193-569FAB0C9D2A}.Release|Any CPU.ActiveCfg = Release|Any CPU
		{BC5253B8-3F7D-4798-8193-569FAB0C9D2A}.Release|Any CPU.Build.0 = Release|Any CPU
	EndGlobalSection
	GlobalSection(SolutionProperties) = preSolution
		HideSolutionNode = FALSE
	EndGlobalSection
	GlobalSection(ExtensibilityGlobals) = postSolution
		SolutionGuid = {EE89E6EF-4F42-43E4-BD21-A5AC17B6060C}
	EndGlobalSection
EndGlobal
